{
  "pins" : [
    {
      "identity" : "pokemonapi",
      "kind" : "remoteSourceControl",
      "location" : "https://github.com/kinkofer/PokemonAPI",
      "state" : {
        "revision" : "dfb4cfbf5f91798a5c37b031b913e21a74a06289",
        "version" : "6.1.1"
      }
    }
  ],
  "version" : 2
}
