// !$*UTF8*$!
{
	archiveVersion = 1;
	classes = {
	};
	objectVersion = 55;
	objects = {

/* Begin PBXBuildFile section */
		010D75D02921C821004BF362 /* Project2App.swift in Sources */ = {isa = PBXBuildFile; fileRef = 010D75CF2921C821004BF362 /* Project2App.swift */; };
		010D75D22921C821004BF362 /* ContentView.swift in Sources */ = {isa = PBXBuildFile; fileRef = 010D75D12921C821004BF362 /* ContentView.swift */; };
		010D75D42921C824004BF362 /* Assets.xcassets in Resources */ = {isa = PBXBuildFile; fileRef = 010D75D32921C824004BF362 /* Assets.xcassets */; };
		010D75D72921C824004BF362 /* Preview Assets.xcassets in Resources */ = {isa = PBXBuildFile; fileRef = 010D75D62921C824004BF362 /* Preview Assets.xcassets */; };
		010D75FB2922F4A9004BF362 /* PokemonAPI in Frameworks */ = {isa = PBXBuildFile; productRef = 010D75FA2922F4A9004BF362 /* PokemonAPI */; };
		010D760A29248DB2004BF362 /* PokedexView.swift in Sources */ = {isa = PBXBuildFile; fileRef = 010D760929248DB2004BF362 /* PokedexView.swift */; };
		010D760E2924929D004BF362 /* PokemonView.swift in Sources */ = {isa = PBXBuildFile; fileRef = 010D760D2924929D004BF362 /* PokemonView.swift */; };
		010D76102924C3B7004BF362 /* PokemonDetailView.swift in Sources */ = {isa = PBXBuildFile; fileRef = 010D760F2924C3B7004BF362 /* PokemonDetailView.swift */; };
		0131155429270B4200F32C59 /* PokedexViewModel.swift in Sources */ = {isa = PBXBuildFile; fileRef = 0131155329270B4200F32C59 /* PokedexViewModel.swift */; };
		013115A1292C812D00F32C59 /* PCViewModel.swift in Sources */ = {isa = PBXBuildFile; fileRef = 013115A0292C812D00F32C59 /* PCViewModel.swift */; };
		013115AE292CBB4400F32C59 /* AuthManager.swift in Sources */ = {isa = PBXBuildFile; fileRef = 013115AD292CBB4400F32C59 /* AuthManager.swift */; };
		013115B0292EABC600F32C59 /* FirestoreModels.swift in Sources */ = {isa = PBXBuildFile; fileRef = 013115AF292EABC600F32C59 /* FirestoreModels.swift */; };
		013115B2292EB05900F32C59 /* GoogleService-Info.plist in Resources */ = {isa = PBXBuildFile; fileRef = 013115B1292EB05900F32C59 /* GoogleService-Info.plist */; };
		013115B629354BDF00F32C59 /* FirestoreManager.swift in Sources */ = {isa = PBXBuildFile; fileRef = 013115B529354BDF00F32C59 /* FirestoreManager.swift */; };
		0153CE782937187600FF02E5 /* NewMapView.swift in Sources */ = {isa = PBXBuildFile; fileRef = 0153CE772937187600FF02E5 /* NewMapView.swift */; };
		0153CE7D29373A7F00FF02E5 /* PokemonManager.swift in Sources */ = {isa = PBXBuildFile; fileRef = 0153CE7C29373A7F00FF02E5 /* PokemonManager.swift */; };
		0189DC0729355F0D003C5054 /* FirebaseAuth in Frameworks */ = {isa = PBXBuildFile; productRef = 0189DC0629355F0D003C5054 /* FirebaseAuth */; };
		0189DC0929355F0D003C5054 /* FirebaseFirestore in Frameworks */ = {isa = PBXBuildFile; productRef = 0189DC0829355F0D003C5054 /* FirebaseFirestore */; };
		0189DC0B29355F0D003C5054 /* FirebaseFirestoreSwift in Frameworks */ = {isa = PBXBuildFile; productRef = 0189DC0A29355F0D003C5054 /* FirebaseFirestoreSwift */; };
		BC38B04D2924468A000174BF /* MapView.swift in Sources */ = {isa = PBXBuildFile; fileRef = BC38B04C2924468A000174BF /* MapView.swift */; };
		BC38B04F292446D4000174BF /* PCView.swift in Sources */ = {isa = PBXBuildFile; fileRef = BC38B04E292446D4000174BF /* PCView.swift */; };
		BC38B05129246704000174BF /* MapViewModel.swift in Sources */ = {isa = PBXBuildFile; fileRef = BC38B05029246704000174BF /* MapViewModel.swift */; };
		BC38B05329247D32000174BF /* pokemon.json in Resources */ = {isa = PBXBuildFile; fileRef = BC38B05229247D32000174BF /* pokemon.json */; };
		BC38B06B2927121A000174BF /* Extenders.swift in Sources */ = {isa = PBXBuildFile; fileRef = BC38B06A2927121A000174BF /* Extenders.swift */; };
		BCEB832E292EC93300754B0E /* TestView.swift in Sources */ = {isa = PBXBuildFile; fileRef = BCEB832D292EC93300754B0E /* TestView.swift */; };
/* End PBXBuildFile section */

/* Begin PBXFileReference section */
		010D75CC2921C821004BF362 /* Project2.app */ = {isa = PBXFileReference; explicitFileType = wrapper.application; includeInIndex = 0; path = Project2.app; sourceTree = BUILT_PRODUCTS_DIR; };
		010D75CF2921C821004BF362 /* Project2App.swift */ = {isa = PBXFileReference; lastKnownFileType = sourcecode.swift; path = Project2App.swift; sourceTree = "<group>"; };
		010D75D12921C821004BF362 /* ContentView.swift */ = {isa = PBXFileReference; lastKnownFileType = sourcecode.swift; path = ContentView.swift; sourceTree = "<group>"; };
		010D75D32921C824004BF362 /* Assets.xcassets */ = {isa = PBXFileReference; lastKnownFileType = folder.assetcatalog; path = Assets.xcassets; sourceTree = "<group>"; };
		010D75D62921C824004BF362 /* Preview Assets.xcassets */ = {isa = PBXFileReference; lastKnownFileType = folder.assetcatalog; path = "Preview Assets.xcassets"; sourceTree = "<group>"; };
		010D760929248DB2004BF362 /* PokedexView.swift */ = {isa = PBXFileReference; lastKnownFileType = sourcecode.swift; path = PokedexView.swift; sourceTree = "<group>"; };
		010D760D2924929D004BF362 /* PokemonView.swift */ = {isa = PBXFileReference; lastKnownFileType = sourcecode.swift; path = PokemonView.swift; sourceTree = "<group>"; };
		010D760F2924C3B7004BF362 /* PokemonDetailView.swift */ = {isa = PBXFileReference; lastKnownFileType = sourcecode.swift; path = PokemonDetailView.swift; sourceTree = "<group>"; };
		0131155329270B4200F32C59 /* PokedexViewModel.swift */ = {isa = PBXFileReference; lastKnownFileType = sourcecode.swift; path = PokedexViewModel.swift; sourceTree = "<group>"; };
		013115A0292C812D00F32C59 /* PCViewModel.swift */ = {isa = PBXFileReference; lastKnownFileType = sourcecode.swift; path = PCViewModel.swift; sourceTree = "<group>"; };
		013115AD292CBB4400F32C59 /* AuthManager.swift */ = {isa = PBXFileReference; lastKnownFileType = sourcecode.swift; path = AuthManager.swift; sourceTree = "<group>"; };
		013115AF292EABC600F32C59 /* FirestoreModels.swift */ = {isa = PBXFileReference; lastKnownFileType = sourcecode.swift; path = FirestoreModels.swift; sourceTree = "<group>"; };
		013115B1292EB05900F32C59 /* GoogleService-Info.plist */ = {isa = PBXFileReference; lastKnownFileType = text.plist; name = "GoogleService-Info.plist"; path = "Project2/GoogleService-Info.plist"; sourceTree = SOURCE_ROOT; };
		013115B529354BDF00F32C59 /* FirestoreManager.swift */ = {isa = PBXFileReference; lastKnownFileType = sourcecode.swift; path = FirestoreManager.swift; sourceTree = "<group>"; };
		0153CE772937187600FF02E5 /* NewMapView.swift */ = {isa = PBXFileReference; lastKnownFileType = sourcecode.swift; path = NewMapView.swift; sourceTree = "<group>"; };
		0153CE7C29373A7F00FF02E5 /* PokemonManager.swift */ = {isa = PBXFileReference; lastKnownFileType = sourcecode.swift; path = PokemonManager.swift; sourceTree = "<group>"; };
		BC38B04C2924468A000174BF /* MapView.swift */ = {isa = PBXFileReference; lastKnownFileType = sourcecode.swift; path = MapView.swift; sourceTree = "<group>"; };
		BC38B04E292446D4000174BF /* PCView.swift */ = {isa = PBXFileReference; lastKnownFileType = sourcecode.swift; path = PCView.swift; sourceTree = "<group>"; };
		BC38B05029246704000174BF /* MapViewModel.swift */ = {isa = PBXFileReference; lastKnownFileType = sourcecode.swift; path = MapViewModel.swift; sourceTree = "<group>"; };
		BC38B05229247D32000174BF /* pokemon.json */ = {isa = PBXFileReference; lastKnownFileType = text.json; path = pokemon.json; sourceTree = "<group>"; };
		BC38B06A2927121A000174BF /* Extenders.swift */ = {isa = PBXFileReference; lastKnownFileType = sourcecode.swift; path = Extenders.swift; sourceTree = "<group>"; };
		BCEB832D292EC93300754B0E /* TestView.swift */ = {isa = PBXFileReference; lastKnownFileType = sourcecode.swift; path = TestView.swift; sourceTree = "<group>"; };
/* End PBXFileReference section */

/* Begin PBXFrameworksBuildPhase section */
		010D75C92921C821004BF362 /* Frameworks */ = {
			isa = PBXFrameworksBuildPhase;
			buildActionMask = 2147483647;
			files = (
				010D75FB2922F4A9004BF362 /* PokemonAPI in Frameworks */,
				0189DC0729355F0D003C5054 /* FirebaseAuth in Frameworks */,
				0189DC0929355F0D003C5054 /* FirebaseFirestore in Frameworks */,
				0189DC0B29355F0D003C5054 /* FirebaseFirestoreSwift in Frameworks */,
			);
			runOnlyForDeploymentPostprocessing = 0;
		};
/* End PBXFrameworksBuildPhase section */

/* Begin PBXGroup section */
		010D75C32921C821004BF362 = {
			isa = PBXGroup;
			children = (
				010D75CE2921C821004BF362 /* Project2 */,
				010D75CD2921C821004BF362 /* Products */,
				0131155229270ADB00F32C59 /* Recovered References */,
			);
			sourceTree = "<group>";
		};
		010D75CD2921C821004BF362 /* Products */ = {
			isa = PBXGroup;
			children = (
				010D75CC2921C821004BF362 /* Project2.app */,
			);
			name = Products;
			sourceTree = "<group>";
		};
		010D75CE2921C821004BF362 /* Project2 */ = {
			isa = PBXGroup;
			children = (
				BC38B05429247DE1000174BF /* Helpers */,
				013115652928CDEA00F32C59 /* Models */,
				BC38B04A292444FD000174BF /* ViewModels */,
				010D75FC2922F4ED004BF362 /* Views */,
				010D75D32921C824004BF362 /* Assets.xcassets */,
				010D75D52921C824004BF362 /* Preview Content */,
				BC38B05229247D32000174BF /* pokemon.json */,
				013115B1292EB05900F32C59 /* GoogleService-Info.plist */,
				010D75CF2921C821004BF362 /* Project2App.swift */,
			);
			path = Project2;
			sourceTree = "<group>";
		};
		010D75D52921C824004BF362 /* Preview Content */ = {
			isa = PBXGroup;
			children = (
				010D75D62921C824004BF362 /* Preview Assets.xcassets */,
			);
			path = "Preview Content";
			sourceTree = "<group>";
		};
		010D75FC2922F4ED004BF362 /* Views */ = {
			isa = PBXGroup;
			children = (
				010D75D12921C821004BF362 /* ContentView.swift */,
				BC38B04C2924468A000174BF /* MapView.swift */,
				0153CE772937187600FF02E5 /* NewMapView.swift */,
				010D760F2924C3B7004BF362 /* PokemonDetailView.swift */,
				BC38B04E292446D4000174BF /* PCView.swift */,
				010D760D2924929D004BF362 /* PokemonView.swift */,
				010D760929248DB2004BF362 /* PokedexView.swift */,
				BCEB832D292EC93300754B0E /* TestView.swift */,
			);
			path = Views;
			sourceTree = "<group>";
		};
		0131155229270ADB00F32C59 /* Recovered References */ = {
			isa = PBXGroup;
			children = (
			);
			name = "Recovered References";
			sourceTree = "<group>";
		};
		013115652928CDEA00F32C59 /* Models */ = {
			isa = PBXGroup;
			children = (
				013115AF292EABC600F32C59 /* FirestoreModels.swift */,
			);
			path = Models;
			sourceTree = "<group>";
		};
		BC38B04A292444FD000174BF /* ViewModels */ = {
			isa = PBXGroup;
			children = (
				BC38B05029246704000174BF /* MapViewModel.swift */,
				0131155329270B4200F32C59 /* PokedexViewModel.swift */,
				013115A0292C812D00F32C59 /* PCViewModel.swift */,
			);
			path = ViewModels;
			sourceTree = "<group>";
		};
		BC38B05429247DE1000174BF /* Helpers */ = {
			isa = PBXGroup;
			children = (
				BC38B06A2927121A000174BF /* Extenders.swift */,
				013115B529354BDF00F32C59 /* FirestoreManager.swift */,
				0153CE7C29373A7F00FF02E5 /* PokemonManager.swift */,
				013115AD292CBB4400F32C59 /* AuthManager.swift */,
			);
			path = Helpers;
			sourceTree = "<group>";
		};
/* End PBXGroup section */

/* Begin PBXNativeTarget section */
		010D75CB2921C821004BF362 /* Project2 */ = {
			isa = PBXNativeTarget;
			buildConfigurationList = 010D75DA2921C824004BF362 /* Build configuration list for PBXNativeTarget "Project2" */;
			buildPhases = (
				010D75C82921C821004BF362 /* Sources */,
				010D75C92921C821004BF362 /* Frameworks */,
				010D75CA2921C821004BF362 /* Resources */,
			);
			buildRules = (
			);
			dependencies = (
			);
			name = Project2;
			packageProductDependencies = (
				010D75FA2922F4A9004BF362 /* PokemonAPI */,
				0189DC0629355F0D003C5054 /* FirebaseAuth */,
				0189DC0829355F0D003C5054 /* FirebaseFirestore */,
				0189DC0A29355F0D003C5054 /* FirebaseFirestoreSwift */,
			);
			productName = Project2;
			productReference = 010D75CC2921C821004BF362 /* Project2.app */;
			productType = "com.apple.product-type.application";
		};
/* End PBXNativeTarget section */

/* Begin PBXProject section */
		010D75C42921C821004BF362 /* Project object */ = {
			isa = PBXProject;
			attributes = {
				BuildIndependentTargetsInParallel = 1;
				LastSwiftUpdateCheck = 1410;
				LastUpgradeCheck = 1410;
				TargetAttributes = {
					010D75CB2921C821004BF362 = {
						CreatedOnToolsVersion = 14.1;
					};
				};
			};
			buildConfigurationList = 010D75C72921C821004BF362 /* Build configuration list for PBXProject "Project2" */;
			compatibilityVersion = "Xcode 13.0";
			developmentRegion = en;
			hasScannedForEncodings = 0;
			knownRegions = (
				en,
				Base,
			);
			mainGroup = 010D75C32921C821004BF362;
			packageReferences = (
				010D75F92922F4A9004BF362 /* XCRemoteSwiftPackageReference "PokemonAPI" */,
				0189DC0529355F0D003C5054 /* XCRemoteSwiftPackageReference "firebase-ios-sdk" */,
			);
			productRefGroup = 010D75CD2921C821004BF362 /* Products */;
			projectDirPath = "";
			projectRoot = "";
			targets = (
				010D75CB2921C821004BF362 /* Project2 */,
			);
		};
/* End PBXProject section */

/* Begin PBXResourcesBuildPhase section */
		010D75CA2921C821004BF362 /* Resources */ = {
			isa = PBXResourcesBuildPhase;
			buildActionMask = 2147483647;
			files = (
				010D75D72921C824004BF362 /* Preview Assets.xcassets in Resources */,
				013115B2292EB05900F32C59 /* GoogleService-Info.plist in Resources */,
				BC38B05329247D32000174BF /* pokemon.json in Resources */,
				010D75D42921C824004BF362 /* Assets.xcassets in Resources */,
			);
			runOnlyForDeploymentPostprocessing = 0;
		};
/* End PBXResourcesBuildPhase section */

/* Begin PBXSourcesBuildPhase section */
		010D75C82921C821004BF362 /* Sources */ = {
			isa = PBXSourcesBuildPhase;
			buildActionMask = 2147483647;
			files = (
				BC38B04D2924468A000174BF /* MapView.swift in Sources */,
				BC38B06B2927121A000174BF /* Extenders.swift in Sources */,
				013115B0292EABC600F32C59 /* FirestoreModels.swift in Sources */,
				010D760A29248DB2004BF362 /* PokedexView.swift in Sources */,
				013115AE292CBB4400F32C59 /* AuthManager.swift in Sources */,
				BCEB832E292EC93300754B0E /* TestView.swift in Sources */,
				0131155429270B4200F32C59 /* PokedexViewModel.swift in Sources */,
				013115A1292C812D00F32C59 /* PCViewModel.swift in Sources */,
				0153CE782937187600FF02E5 /* NewMapView.swift in Sources */,
				010D75D22921C821004BF362 /* ContentView.swift in Sources */,
				BC38B04F292446D4000174BF /* PCView.swift in Sources */,
				010D75D02921C821004BF362 /* Project2App.swift in Sources */,
				0153CE7D29373A7F00FF02E5 /* PokemonManager.swift in Sources */,
				010D76102924C3B7004BF362 /* PokemonDetailView.swift in Sources */,
				010D760E2924929D004BF362 /* PokemonView.swift in Sources */,
				BC38B05129246704000174BF /* MapViewModel.swift in Sources */,
				013115B629354BDF00F32C59 /* FirestoreManager.swift in Sources */,
			);
			runOnlyForDeploymentPostprocessing = 0;
		};
/* End PBXSourcesBuildPhase section */

/* Begin XCBuildConfiguration section */
		010D75D82921C824004BF362 /* Debug */ = {
			isa = XCBuildConfiguration;
			buildSettings = {
				ALWAYS_SEARCH_USER_PATHS = NO;
				CLANG_ANALYZER_NONNULL = YES;
				CLANG_ANALYZER_NUMBER_OBJECT_CONVERSION = YES_AGGRESSIVE;
				CLANG_CXX_LANGUAGE_STANDARD = "gnu++20";
				CLANG_ENABLE_MODULES = YES;
				CLANG_ENABLE_OBJC_ARC = YES;
				CLANG_ENABLE_OBJC_WEAK = YES;
				CLANG_WARN_BLOCK_CAPTURE_AUTORELEASING = YES;
				CLANG_WARN_BOOL_CONVERSION = YES;
				CLANG_WARN_COMMA = YES;
				CLANG_WARN_CONSTANT_CONVERSION = YES;
				CLANG_WARN_DEPRECATED_OBJC_IMPLEMENTATIONS = YES;
				CLANG_WARN_DIRECT_OBJC_ISA_USAGE = YES_ERROR;
				CLANG_WARN_DOCUMENTATION_COMMENTS = YES;
				CLANG_WARN_EMPTY_BODY = YES;
				CLANG_WARN_ENUM_CONVERSION = YES;
				CLANG_WARN_INFINITE_RECURSION = YES;
				CLANG_WARN_INT_CONVERSION = YES;
				CLANG_WARN_NON_LITERAL_NULL_CONVERSION = YES;
				CLANG_WARN_OBJC_IMPLICIT_RETAIN_SELF = YES;
				CLANG_WARN_OBJC_LITERAL_CONVERSION = YES;
				CLANG_WARN_OBJC_ROOT_CLASS = YES_ERROR;
				CLANG_WARN_QUOTED_INCLUDE_IN_FRAMEWORK_HEADER = YES;
				CLANG_WARN_RANGE_LOOP_ANALYSIS = YES;
				CLANG_WARN_STRICT_PROTOTYPES = YES;
				CLANG_WARN_SUSPICIOUS_MOVE = YES;
				CLANG_WARN_UNGUARDED_AVAILABILITY = YES_AGGRESSIVE;
				CLANG_WARN_UNREACHABLE_CODE = YES;
				CLANG_WARN__DUPLICATE_METHOD_MATCH = YES;
				COPY_PHASE_STRIP = NO;
				DEBUG_INFORMATION_FORMAT = dwarf;
				ENABLE_STRICT_OBJC_MSGSEND = YES;
				ENABLE_TESTABILITY = YES;
				GCC_C_LANGUAGE_STANDARD = gnu11;
				GCC_DYNAMIC_NO_PIC = NO;
				GCC_NO_COMMON_BLOCKS = YES;
				GCC_OPTIMIZATION_LEVEL = 0;
				GCC_PREPROCESSOR_DEFINITIONS = (
					"DEBUG=1",
					"$(inherited)",
				);
				GCC_WARN_64_TO_32_BIT_CONVERSION = YES;
				GCC_WARN_ABOUT_RETURN_TYPE = YES_ERROR;
				GCC_WARN_UNDECLARED_SELECTOR = YES;
				GCC_WARN_UNINITIALIZED_AUTOS = YES_AGGRESSIVE;
				GCC_WARN_UNUSED_FUNCTION = YES;
				GCC_WARN_UNUSED_VARIABLE = YES;
				IPHONEOS_DEPLOYMENT_TARGET = 15.0;
				MTL_ENABLE_DEBUG_INFO = INCLUDE_SOURCE;
				MTL_FAST_MATH = YES;
				ONLY_ACTIVE_ARCH = YES;
				SDKROOT = iphoneos;
				SWIFT_ACTIVE_COMPILATION_CONDITIONS = DEBUG;
				SWIFT_OPTIMIZATION_LEVEL = "-Onone";
			};
			name = Debug;
		};
		010D75D92921C824004BF362 /* Release */ = {
			isa = XCBuildConfiguration;
			buildSettings = {
				ALWAYS_SEARCH_USER_PATHS = NO;
				CLANG_ANALYZER_NONNULL = YES;
				CLANG_ANALYZER_NUMBER_OBJECT_CONVERSION = YES_AGGRESSIVE;
				CLANG_CXX_LANGUAGE_STANDARD = "gnu++20";
				CLANG_ENABLE_MODULES = YES;
				CLANG_ENABLE_OBJC_ARC = YES;
				CLANG_ENABLE_OBJC_WEAK = YES;
				CLANG_WARN_BLOCK_CAPTURE_AUTORELEASING = YES;
				CLANG_WARN_BOOL_CONVERSION = YES;
				CLANG_WARN_COMMA = YES;
				CLANG_WARN_CONSTANT_CONVERSION = YES;
				CLANG_WARN_DEPRECATED_OBJC_IMPLEMENTATIONS = YES;
				CLANG_WARN_DIRECT_OBJC_ISA_USAGE = YES_ERROR;
				CLANG_WARN_DOCUMENTATION_COMMENTS = YES;
				CLANG_WARN_EMPTY_BODY = YES;
				CLANG_WARN_ENUM_CONVERSION = YES;
				CLANG_WARN_INFINITE_RECURSION = YES;
				CLANG_WARN_INT_CONVERSION = YES;
				CLANG_WARN_NON_LITERAL_NULL_CONVERSION = YES;
				CLANG_WARN_OBJC_IMPLICIT_RETAIN_SELF = YES;
				CLANG_WARN_OBJC_LITERAL_CONVERSION = YES;
				CLANG_WARN_OBJC_ROOT_CLASS = YES_ERROR;
				CLANG_WARN_QUOTED_INCLUDE_IN_FRAMEWORK_HEADER = YES;
				CLANG_WARN_RANGE_LOOP_ANALYSIS = YES;
				CLANG_WARN_STRICT_PROTOTYPES = YES;
				CLANG_WARN_SUSPICIOUS_MOVE = YES;
				CLANG_WARN_UNGUARDED_AVAILABILITY = YES_AGGRESSIVE;
				CLANG_WARN_UNREACHABLE_CODE = YES;
				CLANG_WARN__DUPLICATE_METHOD_MATCH = YES;
				COPY_PHASE_STRIP = NO;
				DEBUG_INFORMATION_FORMAT = "dwarf-with-dsym";
				ENABLE_NS_ASSERTIONS = NO;
				ENABLE_STRICT_OBJC_MSGSEND = YES;
				GCC_C_LANGUAGE_STANDARD = gnu11;
				GCC_NO_COMMON_BLOCKS = YES;
				GCC_WARN_64_TO_32_BIT_CONVERSION = YES;
				GCC_WARN_ABOUT_RETURN_TYPE = YES_ERROR;
				GCC_WARN_UNDECLARED_SELECTOR = YES;
				GCC_WARN_UNINITIALIZED_AUTOS = YES_AGGRESSIVE;
				GCC_WARN_UNUSED_FUNCTION = YES;
				GCC_WARN_UNUSED_VARIABLE = YES;
				IPHONEOS_DEPLOYMENT_TARGET = 15.0;
				MTL_ENABLE_DEBUG_INFO = NO;
				MTL_FAST_MATH = YES;
				SDKROOT = iphoneos;
				SWIFT_COMPILATION_MODE = wholemodule;
				SWIFT_OPTIMIZATION_LEVEL = "-O";
				VALIDATE_PRODUCT = YES;
			};
			name = Release;
		};
		010D75DB2921C824004BF362 /* Debug */ = {
			isa = XCBuildConfiguration;
			buildSettings = {
				ASSETCATALOG_COMPILER_APPICON_NAME = AppIcon;
				ASSETCATALOG_COMPILER_GLOBAL_ACCENT_COLOR_NAME = AccentColor;
				ASSETCATALOG_COMPILER_INCLUDE_ALL_APPICON_ASSETS = YES;
				CODE_SIGN_STYLE = Automatic;
				CURRENT_PROJECT_VERSION = 1;
				DEVELOPMENT_ASSET_PATHS = "\"Project2/Preview Content\"";
				DEVELOPMENT_TEAM = N48V78FY2Z;
				ENABLE_PREVIEWS = YES;
				GENERATE_INFOPLIST_FILE = YES;
				INFOPLIST_KEY_LSApplicationCategoryType = "public.app-category.role-playing-games";
				INFOPLIST_KEY_NSLocationWhenInUseUsageDescription = "Location Usage";
				INFOPLIST_KEY_UIApplicationSceneManifest_Generation = YES;
				INFOPLIST_KEY_UIApplicationSupportsIndirectInputEvents = YES;
				INFOPLIST_KEY_UILaunchScreen_Generation = YES;
				INFOPLIST_KEY_UIStatusBarStyle = "";
				INFOPLIST_KEY_UISupportedInterfaceOrientations_iPad = "UIInterfaceOrientationPortrait UIInterfaceOrientationPortraitUpsideDown UIInterfaceOrientationLandscapeLeft UIInterfaceOrientationLandscapeRight";
				INFOPLIST_KEY_UISupportedInterfaceOrientations_iPhone = "UIInterfaceOrientationPortrait UIInterfaceOrientationLandscapeLeft UIInterfaceOrientationLandscapeRight";
				IPHONEOS_DEPLOYMENT_TARGET = 15.0;
				LD_RUNPATH_SEARCH_PATHS = (
					"$(inherited)",
					"@executable_path/Frameworks",
				);
				MARKETING_VERSION = 1.0;
				PRODUCT_BUNDLE_IDENTIFIER = clayton.Project2;
				PRODUCT_NAME = "$(TARGET_NAME)";
				SWIFT_EMIT_LOC_STRINGS = YES;
				SWIFT_VERSION = 5.0;
				TARGETED_DEVICE_FAMILY = "1,2";
			};
			name = Debug;
		};
		010D75DC2921C824004BF362 /* Release */ = {
			isa = XCBuildConfiguration;
			buildSettings = {
				ASSETCATALOG_COMPILER_APPICON_NAME = AppIcon;
				ASSETCATALOG_COMPILER_GLOBAL_ACCENT_COLOR_NAME = AccentColor;
				ASSETCATALOG_COMPILER_INCLUDE_ALL_APPICON_ASSETS = YES;
				CODE_SIGN_STYLE = Automatic;
				CURRENT_PROJECT_VERSION = 1;
				DEVELOPMENT_ASSET_PATHS = "\"Project2/Preview Content\"";
				DEVELOPMENT_TEAM = N48V78FY2Z;
				ENABLE_PREVIEWS = YES;
				GENERATE_INFOPLIST_FILE = YES;
				INFOPLIST_KEY_LSApplicationCategoryType = "public.app-category.role-playing-games";
				INFOPLIST_KEY_NSLocationWhenInUseUsageDescription = "Location Usage";
				INFOPLIST_KEY_UIApplicationSceneManifest_Generation = YES;
				INFOPLIST_KEY_UIApplicationSupportsIndirectInputEvents = YES;
				INFOPLIST_KEY_UILaunchScreen_Generation = YES;
				INFOPLIST_KEY_UIStatusBarStyle = "";
				INFOPLIST_KEY_UISupportedInterfaceOrientations_iPad = "UIInterfaceOrientationPortrait UIInterfaceOrientationPortraitUpsideDown UIInterfaceOrientationLandscapeLeft UIInterfaceOrientationLandscapeRight";
				INFOPLIST_KEY_UISupportedInterfaceOrientations_iPhone = "UIInterfaceOrientationPortrait UIInterfaceOrientationLandscapeLeft UIInterfaceOrientationLandscapeRight";
				IPHONEOS_DEPLOYMENT_TARGET = 15.0;
				LD_RUNPATH_SEARCH_PATHS = (
					"$(inherited)",
					"@executable_path/Frameworks",
				);
				MARKETING_VERSION = 1.0;
				PRODUCT_BUNDLE_IDENTIFIER = clayton.Project2;
				PRODUCT_NAME = "$(TARGET_NAME)";
				SWIFT_EMIT_LOC_STRINGS = YES;
				SWIFT_VERSION = 5.0;
				TARGETED_DEVICE_FAMILY = "1,2";
			};
			name = Release;
		};
/* End XCBuildConfiguration section */

/* Begin XCConfigurationList section */
		010D75C72921C821004BF362 /* Build configuration list for PBXProject "Project2" */ = {
			isa = XCConfigurationList;
			buildConfigurations = (
				010D75D82921C824004BF362 /* Debug */,
				010D75D92921C824004BF362 /* Release */,
			);
			defaultConfigurationIsVisible = 0;
			defaultConfigurationName = Release;
		};
		010D75DA2921C824004BF362 /* Build configuration list for PBXNativeTarget "Project2" */ = {
			isa = XCConfigurationList;
			buildConfigurations = (
				010D75DB2921C824004BF362 /* Debug */,
				010D75DC2921C824004BF362 /* Release */,
			);
			defaultConfigurationIsVisible = 0;
			defaultConfigurationName = Release;
		};
/* End XCConfigurationList section */

/* Begin XCRemoteSwiftPackageReference section */
		010D75F92922F4A9004BF362 /* XCRemoteSwiftPackageReference "PokemonAPI" */ = {
			isa = XCRemoteSwiftPackageReference;
			repositoryURL = "https://github.com/kinkofer/PokemonAPI";
			requirement = {
				kind = exactVersion;
				version = 6.1.1;
			};
		};
		0189DC0529355F0D003C5054 /* XCRemoteSwiftPackageReference "firebase-ios-sdk" */ = {
			isa = XCRemoteSwiftPackageReference;
			repositoryURL = "https://github.com/firebase/firebase-ios-sdk";
			requirement = {
				kind = exactVersion;
				version = 9.6.0;
			};
		};
/* End XCRemoteSwiftPackageReference section */

/* Begin XCSwiftPackageProductDependency section */
		010D75FA2922F4A9004BF362 /* PokemonAPI */ = {
			isa = XCSwiftPackageProductDependency;
			package = 010D75F92922F4A9004BF362 /* XCRemoteSwiftPackageReference "PokemonAPI" */;
			productName = PokemonAPI;
		};
		0189DC0629355F0D003C5054 /* FirebaseAuth */ = {
			isa = XCSwiftPackageProductDependency;
			package = 0189DC0529355F0D003C5054 /* XCRemoteSwiftPackageReference "firebase-ios-sdk" */;
			productName = FirebaseAuth;
		};
		0189DC0829355F0D003C5054 /* FirebaseFirestore */ = {
			isa = XCSwiftPackageProductDependency;
			package = 0189DC0529355F0D003C5054 /* XCRemoteSwiftPackageReference "firebase-ios-sdk" */;
			productName = FirebaseFirestore;
		};
		0189DC0A29355F0D003C5054 /* FirebaseFirestoreSwift */ = {
			isa = XCSwiftPackageProductDependency;
			package = 0189DC0529355F0D003C5054 /* XCRemoteSwiftPackageReference "firebase-ios-sdk" */;
			productName = FirebaseFirestoreSwift;
		};
/* End XCSwiftPackageProductDependency section */
	};
	rootObject = 010D75C42921C821004BF362 /* Project object */;
}
